{
  "name": "INF0300Repo",
  "lockfileVersion": 3,
  "requires": true,
  "packages": {
    "": {
      "dependencies": {
        "fibonacci": "^1.6.12"
      }
    },
    "node_modules/bn.js": {
      "version": "5.2.3",
      "resolved": "https://registry.npmjs.org/bn.js/-/bn.js-5.2.3.tgz",
      "integrity": "sha512-EAcmnPkxpntVL+DS7bO1zhcZNvCkxqtkd0ZY53h06GNQ3DEkkGZ/gKgmDv6DdZQGj9BgfSPKtJJ7Dp1GPP8f7w==",
      "license": "MIT"
    },
    "node_modules/fibonacci": {
      "version": "1.6.12",
      "resolved": "https://registry.npmjs.org/fibonacci/-/fibonacci-1.6.12.tgz",
      "integrity": "sha512-TMsElZYNVVQD9weGGuXV/MjgbdW7JtWJi9EBcStN3Tfx9peksyKJv5rXFQebfR158B3EqJ/y/ktu9pd2PVpHHA==",
      "license": "Unlicense",
      "dependencies": {
        "bn.js": "^5"
      },
      "engines": {
        "node": ">=20"
      }
    }
  }
}
